<?xml version="1.0" encoding="utf-8"?>
<Project ToolsVersion="4.0" xmlns="http://schemas.microsoft.com/developer/msbuild/2003">
  <ItemGroup>
    <ClCompile Include="pch.cpp">
      <Filter>Implementation</Filter>
    </ClCompile>
    <ClCompile Include="dllmain.cpp">
      <Filter>Implementation</Filter>
    </ClCompile>
    <ClCompile Include="fakecomresolver.cpp">
      <Filter>Implementation</Filter>
    </ClCompile>
    <ClCompile Include="fakeonline.cpp">
      <Filter>Implementation</Filter>
    </ClCompile>
    <ClCompile Include="fakenetwork.cpp">
      <Filter>Implementation</Filter>
    </ClCompile>
    <ClCompile Include="fakeenumnetworks.cpp">
      <Filter>Implementation</Filter>
    </ClCompile>
  </ItemGroup>
  <ItemGroup>
    <ClInclude Include="fakecomresolver.h">
      <Filter>Headers</Filter>
    </ClInclude>
    <ClInclude Include="fakeonline.h">
      <Filter>Headers</Filter>
    </ClInclude>
    <ClInclude Include="framework.h">
      <Filter>Headers</Filter>
    </ClInclude>
    <ClInclude Include="pch.h">
      <Filter>Headers</Filter>
    </ClInclude>
    <ClInclude Include="resource.h">
      <Filter>Resources</Filter>
    </ClInclude>
    <ClInclude Include="fakenetwork.h">
      <Filter>Headers</Filter>
    </ClInclude>
    <ClInclude Include="fakeenumnetworks.h">
      <Filter>Headers</Filter>
    </ClInclude>
  </ItemGroup>
  <ItemGroup>
    <Filter Include="Headers">
      <UniqueIdentifier>{76998c53-1484-4ba0-8807-c38a5e4db3c8}</UniqueIdentifier>
    </Filter>
    <Filter Include="Implementation">
      <UniqueIdentifier>{6e116d30-1214-4641-b3f5-18e477af5157}</UniqueIdentifier>
    </Filter>
    <Filter Include="Resources">
      <UniqueIdentifier>{9316102e-f6d5-4627-8506-a813d6433eb1}</UniqueIdentifier>
    </Filter>
  </ItemGroup>
  <ItemGroup>
    <ResourceCompile Include="Age3FakeOnline.rc">
      <Filter>Resources</Filter>
    </ResourceCompile>
  </ItemGroup>
</Project>